# THIS IS AN AUTOGENERATED FILE. DO NOT EDIT THIS FILE DIRECTLY.
# yarn lockfile v1


arity-n@^1.0.4:
  version "1.0.4"
  resolved "https://registry.yarnpkg.com/arity-n/-/arity-n-1.0.4.tgz#d9e76b11733e08569c0847ae7b39b2860b30b745"

compose-function@^3.0.3:
  version "3.0.3"
  resolved "https://registry.yarnpkg.com/compose-function/-/compose-function-3.0.3.tgz#9ed675f13cc54501d30950a486ff6a7ba3ab185f"
  dependencies:
    arity-n "^1.0.4"
